// !$*UTF8*$!
{
	archiveVersion = 1;
	classes = {
	};
	objectVersion = 46;
	objects = {

/* Begin PBXBuildFile section */
		843DF40A1ADFB0C3005FACB7 /* AppDelegate.swift in Sources */ = {isa = PBXBuildFile; fileRef = 843DF4091ADFB0C3005FACB7 /* AppDelegate.swift */; };
		843DF40C1ADFB0C3005FACB7 /* ViewController.swift in Sources */ = {isa = PBXBuildFile; fileRef = 843DF40B1ADFB0C3005FACB7 /* ViewController.swift */; };
		843DF40F1ADFB0C3005FACB7 /* Main.storyboard in Resources */ = {isa = PBXBuildFile; fileRef = 843DF40D1ADFB0C3005FACB7 /* Main.storyboard */; };
		843DF4111ADFB0C3005FACB7 /* Images.xcassets in Resources */ = {isa = PBXBuildFile; fileRef = 843DF4101ADFB0C3005FACB7 /* Images.xcassets */; };
		843DF4141ADFB0C3005FACB7 /* LaunchScreen.xib in Resources */ = {isa = PBXBuildFile; fileRef = 843DF4121ADFB0C3005FACB7 /* LaunchScreen.xib */; };
		843DF4201ADFB0C3005FACB7 /* JESelectPhotoTests.swift in Sources */ = {isa = PBXBuildFile; fileRef = 843DF41F1ADFB0C3005FACB7 /* JESelectPhotoTests.swift */; };
		843DF4371ADFB0D3005FACB7 /* CGGeometry+RSKImageCropper.m in Sources */ = {isa = PBXBuildFile; fileRef = 843DF42B1ADFB0D3005FACB7 /* CGGeometry+RSKImageCropper.m */; };
		843DF4381ADFB0D3005FACB7 /* RSKImageCropViewController.m in Sources */ = {isa = PBXBuildFile; fileRef = 843DF42E1ADFB0D3005FACB7 /* RSKImageCropViewController.m */; };
		843DF4391ADFB0D3005FACB7 /* RSKImageScrollView.m in Sources */ = {isa = PBXBuildFile; fileRef = 843DF4301ADFB0D3005FACB7 /* RSKImageScrollView.m */; };
		843DF43A1ADFB0D3005FACB7 /* RSKTouchView.m in Sources */ = {isa = PBXBuildFile; fileRef = 843DF4321ADFB0D3005FACB7 /* RSKTouchView.m */; };
		843DF43B1ADFB0D3005FACB7 /* UIApplication+RSKImageCropper.m in Sources */ = {isa = PBXBuildFile; fileRef = 843DF4341ADFB0D3005FACB7 /* UIApplication+RSKImageCropper.m */; };
		843DF43C1ADFB0D3005FACB7 /* UIImage+RSKImageCropper.m in Sources */ = {isa = PBXBuildFile; fileRef = 843DF4361ADFB0D3005FACB7 /* UIImage+RSKImageCropper.m */; };
/* End PBXBuildFile section */

/* Begin PBXContainerItemProxy section */
		843DF41A1ADFB0C3005FACB7 /* PBXContainerItemProxy */ = {
			isa = PBXContainerItemProxy;
			containerPortal = 843DF3FC1ADFB0C3005FACB7 /* Project object */;
			proxyType = 1;
			remoteGlobalIDString = 843DF4031ADFB0C3005FACB7;
			remoteInfo = JESelectPhoto;
		};
/* End PBXContainerItemProxy section */

/* Begin PBXFileReference section */
		843DF4041ADFB0C3005FACB7 /* JESelectPhoto.app */ = {isa = PBXFileReference; explicitFileType = wrapper.application; includeInIndex = 0; path = JESelectPhoto.app; sourceTree = BUILT_PRODUCTS_DIR; };
		843DF4081ADFB0C3005FACB7 /* Info.plist */ = {isa = PBXFileReference; lastKnownFileType = text.plist.xml; path = Info.plist; sourceTree = "<group>"; };
		843DF4091ADFB0C3005FACB7 /* AppDelegate.swift */ = {isa = PBXFileReference; lastKnownFileType = sourcecode.swift; path = AppDelegate.swift; sourceTree = "<group>"; };
		843DF40B1ADFB0C3005FACB7 /* ViewController.swift */ = {isa = PBXFileReference; lastKnownFileType = sourcecode.swift; path = ViewController.swift; sourceTree = "<group>"; };
		843DF40E1ADFB0C3005FACB7 /* Base */ = {isa = PBXFileReference; lastKnownFileType = file.storyboard; name = Base; path = Base.lproj/Main.storyboard; sourceTree = "<group>"; };
		843DF4101ADFB0C3005FACB7 /* Images.xcassets */ = {isa = PBXFileReference; lastKnownFileType = folder.assetcatalog; path = Images.xcassets; sourceTree = "<group>"; };
		843DF4131ADFB0C3005FACB7 /* Base */ = {isa = PBXFileReference; lastKnownFileType = file.xib; name = Base; path = Base.lproj/LaunchScreen.xib; sourceTree = "<group>"; };
		843DF4191ADFB0C3005FACB7 /* JESelectPhotoTests.xctest */ = {isa = PBXFileReference; explicitFileType = wrapper.cfbundle; includeInIndex = 0; path = JESelectPhotoTests.xctest; sourceTree = BUILT_PRODUCTS_DIR; };
		843DF41E1ADFB0C3005FACB7 /* Info.plist */ = {isa = PBXFileReference; lastKnownFileType = text.plist.xml; path = Info.plist; sourceTree = "<group>"; };
		843DF41F1ADFB0C3005FACB7 /* JESelectPhotoTests.swift */ = {isa = PBXFileReference; lastKnownFileType = sourcecode.swift; path = JESelectPhotoTests.swift; sourceTree = "<group>"; };
		843DF42A1ADFB0D3005FACB7 /* CGGeometry+RSKImageCropper.h */ = {isa = PBXFileReference; fileEncoding = 4; lastKnownFileType = sourcecode.c.h; path = "CGGeometry+RSKImageCropper.h"; sourceTree = "<group>"; };
		843DF42B1ADFB0D3005FACB7 /* CGGeometry+RSKImageCropper.m */ = {isa = PBXFileReference; fileEncoding = 4; lastKnownFileType = sourcecode.c.objc; path = "CGGeometry+RSKImageCropper.m"; sourceTree = "<group>"; };
		843DF42C1ADFB0D3005FACB7 /* RSKImageCropper.h */ = {isa = PBXFileReference; fileEncoding = 4; lastKnownFileType = sourcecode.c.h; path = RSKImageCropper.h; sourceTree = "<group>"; };
		843DF42D1ADFB0D3005FACB7 /* RSKImageCropViewController.h */ = {isa = PBXFileReference; fileEncoding = 4; lastKnownFileType = sourcecode.c.h; path = RSKImageCropViewController.h; sourceTree = "<group>"; };
		843DF42E1ADFB0D3005FACB7 /* RSKImageCropViewController.m */ = {isa = PBXFileReference; fileEncoding = 4; lastKnownFileType = sourcecode.c.objc; path = RSKImageCropViewController.m; sourceTree = "<group>"; };
		843DF42F1ADFB0D3005FACB7 /* RSKImageScrollView.h */ = {isa = PBXFileReference; fileEncoding = 4; lastKnownFileType = sourcecode.c.h; path = RSKImageScrollView.h; sourceTree = "<group>"; };
		843DF4301ADFB0D3005FACB7 /* RSKImageScrollView.m */ = {isa = PBXFileReference; fileEncoding = 4; lastKnownFileType = sourcecode.c.objc; path = RSKImageScrollView.m; sourceTree = "<group>"; };
		843DF4311ADFB0D3005FACB7 /* RSKTouchView.h */ = {isa = PBXFileReference; fileEncoding = 4; lastKnownFileType = sourcecode.c.h; path = RSKTouchView.h; sourceTree = "<group>"; };
		843DF4321ADFB0D3005FACB7 /* RSKTouchView.m */ = {isa = PBXFileReference; fileEncoding = 4; lastKnownFileType = sourcecode.c.objc; path = RSKTouchView.m; sourceTree = "<group>"; };
		843DF4331ADFB0D3005FACB7 /* UIApplication+RSKImageCropper.h */ = {isa = PBXFileReference; fileEncoding = 4; lastKnownFileType = sourcecode.c.h; path = "UIApplication+RSKImageCropper.h"; sourceTree = "<group>"; };
		843DF4341ADFB0D3005FACB7 /* UIApplication+RSKImageCropper.m */ = {isa = PBXFileReference; fileEncoding = 4; lastKnownFileType = sourcecode.c.objc; path = "UIApplication+RSKImageCropper.m"; sourceTree = "<group>"; };
		843DF4351ADFB0D3005FACB7 /* UIImage+RSKImageCropper.h */ = {isa = PBXFileReference; fileEncoding = 4; lastKnownFileType = sourcecode.c.h; path = "UIImage+RSKImageCropper.h"; sourceTree = "<group>"; };
		843DF4361ADFB0D3005FACB7 /* UIImage+RSKImageCropper.m */ = {isa = PBXFileReference; fileEncoding = 4; lastKnownFileType = sourcecode.c.objc; path = "UIImage+RSKImageCropper.m"; sourceTree = "<group>"; };
/* End PBXFileReference section */

/* Begin PBXFrameworksBuildPhase section */
		843DF4011ADFB0C3005FACB7 /* Frameworks */ = {
			isa = PBXFrameworksBuildPhase;
			buildActionMask = 2147483647;
			files = (
			);
			runOnlyForDeploymentPostprocessing = 0;
		};
		843DF4161ADFB0C3005FACB7 /* Frameworks */ = {
			isa = PBXFrameworksBuildPhase;
			buildActionMask = 2147483647;
			files = (
			);
			runOnlyForDeploymentPostprocessing = 0;
		};
/* End PBXFrameworksBuildPhase section */

/* Begin PBXGroup section */
		843DF3FB1ADFB0C3005FACB7 = {
			isa = PBXGroup;
			children = (
				843DF4061ADFB0C3005FACB7 /* JESelectPhoto */,
				843DF41C1ADFB0C3005FACB7 /* JESelectPhotoTests */,
				843DF4051ADFB0C3005FACB7 /* Products */,
			);
			sourceTree = "<group>";
		};
		843DF4051ADFB0C3005FACB7 /* Products */ = {
			isa = PBXGroup;
			children = (
				843DF4041ADFB0C3005FACB7 /* JESelectPhoto.app */,
				843DF4191ADFB0C3005FACB7 /* JESelectPhotoTests.xctest */,
			);
			name = Products;
			sourceTree = "<group>";
		};
		843DF4061ADFB0C3005FACB7 /* JESelectPhoto */ = {
			isa = PBXGroup;
			children = (
				843DF4291ADFB0D3005FACB7 /* RSKImageCropper */,
				843DF4091ADFB0C3005FACB7 /* AppDelegate.swift */,
				843DF40B1ADFB0C3005FACB7 /* ViewController.swift */,
				843DF40D1ADFB0C3005FACB7 /* Main.storyboard */,
				843DF4101ADFB0C3005FACB7 /* Images.xcassets */,
				843DF4121ADFB0C3005FACB7 /* LaunchScreen.xib */,
				843DF4071ADFB0C3005FACB7 /* Supporting Files */,
			);
			path = JESelectPhoto;
			sourceTree = "<group>";
		};
		843DF4071ADFB0C3005FACB7 /* Supporting Files */ = {
			isa = PBXGroup;
			children = (
				843DF4081ADFB0C3005FACB7 /* Info.plist */,
			);
			name = "Supporting Files";
			sourceTree = "<group>";
		};
		843DF41C1ADFB0C3005FACB7 /* JESelectPhotoTests */ = {
			isa = PBXGroup;
			children = (
				843DF41F1ADFB0C3005FACB7 /* JESelectPhotoTests.swift */,
				843DF41D1ADFB0C3005FACB7 /* Supporting Files */,
			);
			path = JESelectPhotoTests;
			sourceTree = "<group>";
		};
		843DF41D1ADFB0C3005FACB7 /* Supporting Files */ = {
			isa = PBXGroup;
			children = (
				843DF41E1ADFB0C3005FACB7 /* Info.plist */,
			);
			name = "Supporting Files";
			sourceTree = "<group>";
		};
		843DF4291ADFB0D3005FACB7 /* RSKImageCropper */ = {
			isa = PBXGroup;
			children = (
				843DF42A1ADFB0D3005FACB7 /* CGGeometry+RSKImageCropper.h */,
				843DF42B1ADFB0D3005FACB7 /* CGGeometry+RSKImageCropper.m */,
				843DF42C1ADFB0D3005FACB7 /* RSKImageCropper.h */,
				843DF42D1ADFB0D3005FACB7 /* RSKImageCropViewController.h */,
				843DF42E1ADFB0D3005FACB7 /* RSKImageCropViewController.m */,
				843DF42F1ADFB0D3005FACB7 /* RSKImageScrollView.h */,
				843DF4301ADFB0D3005FACB7 /* RSKImageScrollView.m */,
				843DF4311ADFB0D3005FACB7 /* RSKTouchView.h */,
				843DF4321ADFB0D3005FACB7 /* RSKTouchView.m */,
				843DF4331ADFB0D3005FACB7 /* UIApplication+RSKImageCropper.h */,
				843DF4341ADFB0D3005FACB7 /* UIApplication+RSKImageCropper.m */,
				843DF4351ADFB0D3005FACB7 /* UIImage+RSKImageCropper.h */,
				843DF4361ADFB0D3005FACB7 /* UIImage+RSKImageCropper.m */,
			);
			path = RSKImageCropper;
			sourceTree = "<group>";
		};
/* End PBXGroup section */

/* Begin PBXNativeTarget section */
		843DF4031ADFB0C3005FACB7 /* JESelectPhoto */ = {
			isa = PBXNativeTarget;
			buildConfigurationList = 843DF4231ADFB0C3005FACB7 /* Build configuration list for PBXNativeTarget "JESelectPhoto" */;
			buildPhases = (
				843DF4001ADFB0C3005FACB7 /* Sources */,
				843DF4011ADFB0C3005FACB7 /* Frameworks */,
				843DF4021ADFB0C3005FACB7 /* Resources */,
			);
			buildRules = (
			);
			dependencies = (
			);
			name = JESelectPhoto;
			productName = JESelectPhoto;
			productReference = 843DF4041ADFB0C3005FACB7 /* JESelectPhoto.app */;
			productType = "com.apple.product-type.application";
		};
		843DF4181ADFB0C3005FACB7 /* JESelectPhotoTests */ = {
			isa = PBXNativeTarget;
			buildConfigurationList = 843DF4261ADFB0C3005FACB7 /* Build configuration list for PBXNativeTarget "JESelectPhotoTests" */;
			buildPhases = (
				843DF4151ADFB0C3005FACB7 /* Sources */,
				843DF4161ADFB0C3005FACB7 /* Frameworks */,
				843DF4171ADFB0C3005FACB7 /* Resources */,
			);
			buildRules = (
			);
			dependencies = (
				843DF41B1ADFB0C3005FACB7 /* PBXTargetDependency */,
			);
			name = JESelectPhotoTests;
			productName = JESelectPhotoTests;
			productReference = 843DF4191ADFB0C3005FACB7 /* JESelectPhotoTests.xctest */;
			productType = "com.apple.product-type.bundle.unit-test";
		};
/* End PBXNativeTarget section */

/* Begin PBXProject section */
		843DF3FC1ADFB0C3005FACB7 /* Project object */ = {
			isa = PBXProject;
			attributes = {
				LastUpgradeCheck = 0630;
				ORGANIZATIONNAME = "尹现伟";
				TargetAttributes = {
					843DF4031ADFB0C3005FACB7 = {
						CreatedOnToolsVersion = 6.3;
					};
					843DF4181ADFB0C3005FACB7 = {
						CreatedOnToolsVersion = 6.3;
						TestTargetID = 843DF4031ADFB0C3005FACB7;
					};
				};
			};
			buildConfigurationList = 843DF3FF1ADFB0C3005FACB7 /* Build configuration list for PBXProject "JESelectPhoto" */;
			compatibilityVersion = "Xcode 3.2";
			developmentRegion = English;
			hasScannedForEncodings = 0;
			knownRegions = (
				en,
				Base,
			);
			mainGroup = 843DF3FB1ADFB0C3005FACB7;
			productRefGroup = 843DF4051ADFB0C3005FACB7 /* Products */;
			projectDirPath = "";
			projectRoot = "";
			targets = (
				843DF4031ADFB0C3005FACB7 /* JESelectPhoto */,
				843DF4181ADFB0C3005FACB7 /* JESelectPhotoTests */,
			);
		};
/* End PBXProject section */

/* Begin PBXResourcesBuildPhase section */
		843DF4021ADFB0C3005FACB7 /* Resources */ = {
			isa = PBXResourcesBuildPhase;
			buildActionMask = 2147483647;
			files = (
				843DF40F1ADFB0C3005FACB7 /* Main.storyboard in Resources */,
				843DF4141ADFB0C3005FACB7 /* LaunchScreen.xib in Resources */,
				843DF4111ADFB0C3005FACB7 /* Images.xcassets in Resources */,
			);
			runOnlyForDeploymentPostprocessing = 0;
		};
		843DF4171ADFB0C3005FACB7 /* Resources */ = {
			isa = PBXResourcesBuildPhase;
			buildActionMask = 2147483647;
			files = (
			);
			runOnlyForDeploymentPostprocessing = 0;
		};
/* End PBXResourcesBuildPhase section */

/* Begin PBXSourcesBuildPhase section */
		843DF4001ADFB0C3005FACB7 /* Sources */ = {
			isa = PBXSourcesBuildPhase;
			buildActionMask = 2147483647;
			files = (
				843DF4391ADFB0D3005FACB7 /* RSKImageScrollView.m in Sources */,
				843DF40C1ADFB0C3005FACB7 /* ViewController.swift in Sources */,
				843DF4381ADFB0D3005FACB7 /* RSKImageCropViewController.m in Sources */,
				843DF43A1ADFB0D3005FACB7 /* RSKTouchView.m in Sources */,
				843DF43B1ADFB0D3005FACB7 /* UIApplication+RSKImageCropper.m in Sources */,
				843DF4371ADFB0D3005FACB7 /* CGGeometry+RSKImageCropper.m in Sources */,
				843DF43C1ADFB0D3005FACB7 /* UIImage+RSKImageCropper.m in Sources */,
				843DF40A1ADFB0C3005FACB7 /* AppDelegate.swift in Sources */,
			);
			runOnlyForDeploymentPostprocessing = 0;
		};
		843DF4151ADFB0C3005FACB7 /* Sources */ = {
			isa = PBXSourcesBuildPhase;
			buildActionMask = 2147483647;
			files = (
				843DF4201ADFB0C3005FACB7 /* JESelectPhotoTests.swift in Sources */,
			);
			runOnlyForDeploymentPostprocessing = 0;
		};
/* End PBXSourcesBuildPhase section */

/* Begin PBXTargetDependency section */
		843DF41B1ADFB0C3005FACB7 /* PBXTargetDependency */ = {
			isa = PBXTargetDependency;
			target = 843DF4031ADFB0C3005FACB7 /* JESelectPhoto */;
			targetProxy = 843DF41A1ADFB0C3005FACB7 /* PBXContainerItemProxy */;
		};
/* End PBXTargetDependency section */

/* Begin PBXVariantGroup section */
		843DF40D1ADFB0C3005FACB7 /* Main.storyboard */ = {
			isa = PBXVariantGroup;
			children = (
				843DF40E1ADFB0C3005FACB7 /* Base */,
			);
			name = Main.storyboard;
			sourceTree = "<group>";
		};
		843DF4121ADFB0C3005FACB7 /* LaunchScreen.xib */ = {
			isa = PBXVariantGroup;
			children = (
				843DF4131ADFB0C3005FACB7 /* Base */,
			);
			name = LaunchScreen.xib;
			sourceTree = "<group>";
		};
/* End PBXVariantGroup section */

/* Begin XCBuildConfiguration section */
		843DF4211ADFB0C3005FACB7 /* Debug */ = {
			isa = XCBuildConfiguration;
			buildSettings = {
				ALWAYS_SEARCH_USER_PATHS = NO;
				CLANG_CXX_LANGUAGE_STANDARD = "gnu++0x";
				CLANG_CXX_LIBRARY = "libc++";
				CLANG_ENABLE_MODULES = YES;
				CLANG_ENABLE_OBJC_ARC = YES;
				CLANG_WARN_BOOL_CONVERSION = YES;
				CLANG_WARN_CONSTANT_CONVERSION = YES;
				CLANG_WARN_DIRECT_OBJC_ISA_USAGE = YES_ERROR;
				CLANG_WARN_EMPTY_BODY = YES;
				CLANG_WARN_ENUM_CONVERSION = YES;
				CLANG_WARN_INT_CONVERSION = YES;
				CLANG_WARN_OBJC_ROOT_CLASS = YES_ERROR;
				CLANG_WARN_UNREACHABLE_CODE = YES;
				CLANG_WARN__DUPLICATE_METHOD_MATCH = YES;
				"CODE_SIGN_IDENTITY[sdk=iphoneos*]" = "iPhone Developer";
				COPY_PHASE_STRIP = NO;
				DEBUG_INFORMATION_FORMAT = "dwarf-with-dsym";
				ENABLE_STRICT_OBJC_MSGSEND = YES;
				GCC_C_LANGUAGE_STANDARD = gnu99;
				GCC_DYNAMIC_NO_PIC = NO;
				GCC_NO_COMMON_BLOCKS = YES;
				GCC_OPTIMIZATION_LEVEL = 0;
				GCC_PREPROCESSOR_DEFINITIONS = (
					"DEBUG=1",
					"$(inherited)",
				);
				GCC_SYMBOLS_PRIVATE_EXTERN = NO;
				GCC_WARN_64_TO_32_BIT_CONVERSION = YES;
				GCC_WARN_ABOUT_RETURN_TYPE = YES_ERROR;
				GCC_WARN_UNDECLARED_SELECTOR = YES;
				GCC_WARN_UNINITIALIZED_AUTOS = YES_AGGRESSIVE;
				GCC_WARN_UNUSED_FUNCTION = YES;
				GCC_WARN_UNUSED_VARIABLE = YES;
				IPHONEOS_DEPLOYMENT_TARGET = 8.3;
				MTL_ENABLE_DEBUG_INFO = YES;
				ONLY_ACTIVE_ARCH = YES;
				SDKROOT = iphoneos;
				SWIFT_OPTIMIZATION_LEVEL = "-Onone";
			};
			name = Debug;
		};
		843DF4221ADFB0C3005FACB7 /* Release */ = {
			isa = XCBuildConfiguration;
			buildSettings = {
				ALWAYS_SEARCH_USER_PATHS = NO;
				CLANG_CXX_LANGUAGE_STANDARD = "gnu++0x";
				CLANG_CXX_LIBRARY = "libc++";
				CLANG_ENABLE_MODULES = YES;
				CLANG_ENABLE_OBJC_ARC = YES;
				CLANG_WARN_BOOL_CONVERSION = YES;
				CLANG_WARN_CONSTANT_CONVERSION = YES;
				CLANG_WARN_DIRECT_OBJC_ISA_USAGE = YES_ERROR;
				CLANG_WARN_EMPTY_BODY = YES;
				CLANG_WARN_ENUM_CONVERSION = YES;
				CLANG_WARN_INT_CONVERSION = YES;
				CLANG_WARN_OBJC_ROOT_CLASS = YES_ERROR;
				CLANG_WARN_UNREACHABLE_CODE = YES;
				CLANG_WARN__DUPLICATE_METHOD_MATCH = YES;
				"CODE_SIGN_IDENTITY[sdk=iphoneos*]" = "iPhone Developer";
				COPY_PHASE_STRIP = NO;
				DEBUG_INFORMATION_FORMAT = "dwarf-with-dsym";
				ENABLE_NS_ASSERTIONS = NO;
				ENABLE_STRICT_OBJC_MSGSEND = YES;
				GCC_C_LANGUAGE_STANDARD = gnu99;
				GCC_NO_COMMON_BLOCKS = YES;
				GCC_WARN_64_TO_32_BIT_CONVERSION = YES;
				GCC_WARN_ABOUT_RETURN_TYPE = YES_ERROR;
				GCC_WARN_UNDECLARED_SELECTOR = YES;
				GCC_WARN_UNINITIALIZED_AUTOS = YES_AGGRESSIVE;
				GCC_WARN_UNUSED_FUNCTION = YES;
				GCC_WARN_UNUSED_VARIABLE = YES;
				IPHONEOS_DEPLOYMENT_TARGET = 8.3;
				MTL_ENABLE_DEBUG_INFO = NO;
				SDKROOT = iphoneos;
				VALIDATE_PRODUCT = YES;
			};
			name = Release;
		};
		843DF4241ADFB0C3005FACB7 /* Debug */ = {
			isa = XCBuildConfiguration;
			buildSettings = {
				ASSETCATALOG_COMPILER_APPICON_NAME = AppIcon;
				INFOPLIST_FILE = JESelectPhoto/Info.plist;
				LD_RUNPATH_SEARCH_PATHS = "$(inherited) @executable_path/Frameworks";
				PRODUCT_NAME = "$(TARGET_NAME)";
			};
			name = Debug;
		};
		843DF4251ADFB0C3005FACB7 /* Release */ = {
			isa = XCBuildConfiguration;
			buildSettings = {
				ASSETCATALOG_COMPILER_APPICON_NAME = AppIcon;
				INFOPLIST_FILE = JESelectPhoto/Info.plist;
				LD_RUNPATH_SEARCH_PATHS = "$(inherited) @executable_path/Frameworks";
				PRODUCT_NAME = "$(TARGET_NAME)";
			};
			name = Release;
		};
		843DF4271ADFB0C3005FACB7 /* Debug */ = {
			isa = XCBuildConfiguration;
			buildSettings = {
				BUNDLE_LOADER = "$(TEST_HOST)";
				FRAMEWORK_SEARCH_PATHS = (
					"$(SDKROOT)/Developer/Library/Frameworks",
					"$(inherited)",
				);
				GCC_PREPROCESSOR_DEFINITIONS = (
					"DEBUG=1",
					"$(inherited)",
				);
				INFOPLIST_FILE = JESelectPhotoTests/Info.plist;
				LD_RUNPATH_SEARCH_PATHS = "$(inherited) @executable_path/Frameworks @loader_path/Frameworks";
				PRODUCT_NAME = "$(TARGET_NAME)";
				TEST_HOST = "$(BUILT_PRODUCTS_DIR)/JESelectPhoto.app/JESelectPhoto";
			};
			name = Debug;
		};
		843DF4281ADFB0C3005FACB7 /* Release */ = {
			isa = XCBuildConfiguration;
			buildSettings = {
				BUNDLE_LOADER = "$(TEST_HOST)";
				FRAMEWORK_SEARCH_PATHS = (
					"$(SDKROOT)/Developer/Library/Frameworks",
					"$(inherited)",
				);
				INFOPLIST_FILE = JESelectPhotoTests/Info.plist;
				LD_RUNPATH_SEARCH_PATHS = "$(inherited) @executable_path/Frameworks @loader_path/Frameworks";
				PRODUCT_NAME = "$(TARGET_NAME)";
				TEST_HOST = "$(BUILT_PRODUCTS_DIR)/JESelectPhoto.app/JESelectPhoto";
			};
			name = Release;
		};
/* End XCBuildConfiguration section */

/* Begin XCConfigurationList section */
		843DF3FF1ADFB0C3005FACB7 /* Build configuration list for PBXProject "JESelectPhoto" */ = {
			isa = XCConfigurationList;
			buildConfigurations = (
				843DF4211ADFB0C3005FACB7 /* Debug */,
				843DF4221ADFB0C3005FACB7 /* Release */,
			);
			defaultConfigurationIsVisible = 0;
			defaultConfigurationName = Release;
		};
		843DF4231ADFB0C3005FACB7 /* Build configuration list for PBXNativeTarget "JESelectPhoto" */ = {
			isa = XCConfigurationList;
			buildConfigurations = (
				843DF4241ADFB0C3005FACB7 /* Debug */,
				843DF4251ADFB0C3005FACB7 /* Release */,
			);
			defaultConfigurationIsVisible = 0;
		};
		843DF4261ADFB0C3005FACB7 /* Build configuration list for PBXNativeTarget "JESelectPhotoTests" */ = {
			isa = XCConfigurationList;
			buildConfigurations = (
				843DF4271ADFB0C3005FACB7 /* Debug */,
				843DF4281ADFB0C3005FACB7 /* Release */,
			);
			defaultConfigurationIsVisible = 0;
		};
/* End XCConfigurationList section */
	};
	rootObject = 843DF3FC1ADFB0C3005FACB7 /* Project object */;
}
